
Microsoft Visual Studio Solution File, Format Version 12.00
# Visual Studio Version 17
VisualStudioVersion = 17.10.34928.147
MinimumVisualStudioVersion = 10.0.40219.1
Project("{FAE04EC0-301F-11D3-BF4B-00C04F79EFBC}") = "NinjaJedi", "NinjaJedi\NinjaJedi.csproj", "{964613F1-5C8C-41ED-9ED1-529D4AAA318E}"
EndProject
Global
	GlobalSection(SolutionConfigurationPlatforms) = preSolution
		Debug|Any CPU = Debug|Any CPU
		Release|Any CPU = Release|Any CPU
	EndGlobalSection
	GlobalSection(ProjectConfigurationPlatforms) = postSolution
		{964613F1-5C8C-41ED-9ED1-529D4AAA318E}.Debug|Any CPU.ActiveCfg = Debug|Any CPU
		{964613F1-5C8C-41ED-9ED1-529D4AAA318E}.Debug|Any CPU.Build.0 = Debug|Any CPU
		{964613F1-5C8C-41ED-9ED1-529D4AAA318E}.Release|Any CPU.ActiveCfg = Release|Any CPU
		{964613F1-5C8C-41ED-9ED1-529D4AAA318E}.Release|Any CPU.Build.0 = Release|Any CPU
	EndGlobalSection
	GlobalSection(SolutionProperties) = preSolution
		HideSolutionNode = FALSE
	EndGlobalSection
	GlobalSection(ExtensibilityGlobals) = postSolution
		SolutionGuid = {E0516D4C-38CF-4879-9723-2DDFFA1FA27F}
	EndGlobalSection
EndGlobal
